
Microsoft Visual Studio Solution File, Format Version 12.00
# Visual Studio Version 17
VisualStudioVersion = 17.3.32901.215
MinimumVisualStudioVersion = 10.0.40219.1
Project("{FAE04EC0-301F-11D3-BF4B-00C04F79EFBC}") = "GameGroopWebApp", "GameGroopWebApp\GameGroopWebApp.csproj", "{72E25821-40C6-401F-A981-901F6B58156D}"
EndProject
Global
	GlobalSection(SolutionConfigurationPlatforms) = preSolution
		Debug|Any CPU = Debug|Any CPU
		Release|Any CPU = Release|Any CPU
	EndGlobalSection
	GlobalSection(ProjectConfigurationPlatforms) = postSolution
		{72E25821-40C6-401F-A981-901F6B58156D}.Debug|Any CPU.ActiveCfg = Debug|Any CPU
		{72E25821-40C6-401F-A981-901F6B58156D}.Debug|Any CPU.Build.0 = Debug|Any CPU
		{72E25821-40C6-401F-A981-901F6B58156D}.Release|Any CPU.ActiveCfg = Release|Any CPU
		{72E25821-40C6-401F-A981-901F6B58156D}.Release|Any CPU.Build.0 = Release|Any CPU
	EndGlobalSection
	GlobalSection(SolutionProperties) = preSolution
		HideSolutionNode = FALSE
	EndGlobalSection
	GlobalSection(ExtensibilityGlobals) = postSolution
		SolutionGuid = {148F1A5A-F884-46FA-B0A3-BC7ECE2BDE44}
	EndGlobalSection
EndGlobal
